
Microsoft Visual Studio Solution File, Format Version 12.00
# Visual Studio Version 16
VisualStudioVersion = 16.0.31019.35
MinimumVisualStudioVersion = 10.0.40219.1
Project("{FAE04EC0-301F-11D3-BF4B-00C04F79EFBC}") = "QuickfixAcceptor", "QuickfixAcceptor.csproj", "{774E6B73-FF06-4C18-85BC-2577C7FEE173}"
EndProject
Global
	GlobalSection(SolutionConfigurationPlatforms) = preSolution
		Debug|Any CPU = Debug|Any CPU
		Release|Any CPU = Release|Any CPU
	EndGlobalSection
	GlobalSection(ProjectConfigurationPlatforms) = postSolution
		{774E6B73-FF06-4C18-85BC-2577C7FEE173}.Debug|Any CPU.ActiveCfg = Debug|Any CPU
		{774E6B73-FF06-4C18-85BC-2577C7FEE173}.Debug|Any CPU.Build.0 = Debug|Any CPU
		{774E6B73-FF06-4C18-85BC-2577C7FEE173}.Release|Any CPU.ActiveCfg = Release|Any CPU
		{774E6B73-FF06-4C18-85BC-2577C7FEE173}.Release|Any CPU.Build.0 = Release|Any CPU
	EndGlobalSection
	GlobalSection(SolutionProperties) = preSolution
		HideSolutionNode = FALSE
	EndGlobalSection
	GlobalSection(ExtensibilityGlobals) = postSolution
		SolutionGuid = {B99B0213-D8DC-41EA-9CEC-A4DE6CD949ED}
	EndGlobalSection
EndGlobal
